// !$*UTF8*$!
{
	archiveVersion = 1;
	classes = {
	};
	objectVersion = 46;
	objects = {

/* Begin PBXBuildFile section */
		4C7CAD561AC9CBFC0009DDC5 /* icon_256x256.png in Resources */ = {isa = PBXBuildFile; fileRef = 4C7CAD551AC9CBFC0009DDC5 /* icon_256x256.png */; };
		4CB3A9D71AC6EB4A00BE16C6 /* AppDelegate.swift in Sources */ = {isa = PBXBuildFile; fileRef = 4CB3A9D61AC6EB4A00BE16C6 /* AppDelegate.swift */; };
		4CB3A9D91AC6EB4A00BE16C6 /* Images.xcassets in Resources */ = {isa = PBXBuildFile; fileRef = 4CB3A9D81AC6EB4A00BE16C6 /* Images.xcassets */; };
		4CB3A9DC1AC6EB4A00BE16C6 /* MainMenu.xib in Resources */ = {isa = PBXBuildFile; fileRef = 4CB3A9DA1AC6EB4A00BE16C6 /* MainMenu.xib */; };
		4CB3A9E81AC6EB4A00BE16C6 /* KippleTests.swift in Sources */ = {isa = PBXBuildFile; fileRef = 4CB3A9E71AC6EB4A00BE16C6 /* KippleTests.swift */; };
		4CB3A9F31AC6EBEE00BE16C6 /* Diceware.swift in Sources */ = {isa = PBXBuildFile; fileRef = 4CB3A9F11AC6EBEE00BE16C6 /* Diceware.swift */; };
		4CB3A9F41AC6EBEE00BE16C6 /* diceware.wordlist.asc in Resources */ = {isa = PBXBuildFile; fileRef = 4CB3A9F21AC6EBEE00BE16C6 /* diceware.wordlist.asc */; };
		4CE1D8A61AC837F100FB45CF /* eye.png in Resources */ = {isa = PBXBuildFile; fileRef = 4CE1D8A51AC837F100FB45CF /* eye.png */; };
/* End PBXBuildFile section */

/* Begin PBXContainerItemProxy section */
		4CB3A9E21AC6EB4A00BE16C6 /* PBXContainerItemProxy */ = {
			isa = PBXContainerItemProxy;
			containerPortal = 4CB3A9C91AC6EB4A00BE16C6 /* Project object */;
			proxyType = 1;
			remoteGlobalIDString = 4CB3A9D01AC6EB4A00BE16C6;
			remoteInfo = Kipple;
		};
/* End PBXContainerItemProxy section */

/* Begin PBXFileReference section */
		4C7CAD551AC9CBFC0009DDC5 /* icon_256x256.png */ = {isa = PBXFileReference; lastKnownFileType = image.png; name = icon_256x256.png; path = Images.xcassets/AppIcon.appiconset/icon_256x256.png; sourceTree = "<group>"; };
		4CB3A9D11AC6EB4A00BE16C6 /* Kipple.app */ = {isa = PBXFileReference; explicitFileType = wrapper.application; includeInIndex = 0; path = Kipple.app; sourceTree = BUILT_PRODUCTS_DIR; };
		4CB3A9D51AC6EB4A00BE16C6 /* Info.plist */ = {isa = PBXFileReference; lastKnownFileType = text.plist.xml; path = Info.plist; sourceTree = "<group>"; };
		4CB3A9D61AC6EB4A00BE16C6 /* AppDelegate.swift */ = {isa = PBXFileReference; lastKnownFileType = sourcecode.swift; path = AppDelegate.swift; sourceTree = "<group>"; };
		4CB3A9D81AC6EB4A00BE16C6 /* Images.xcassets */ = {isa = PBXFileReference; lastKnownFileType = folder.assetcatalog; path = Images.xcassets; sourceTree = "<group>"; };
		4CB3A9DB1AC6EB4A00BE16C6 /* Base */ = {isa = PBXFileReference; lastKnownFileType = file.xib; name = Base; path = Base.lproj/MainMenu.xib; sourceTree = "<group>"; };
		4CB3A9E11AC6EB4A00BE16C6 /* KippleTests.xctest */ = {isa = PBXFileReference; explicitFileType = wrapper.cfbundle; includeInIndex = 0; path = KippleTests.xctest; sourceTree = BUILT_PRODUCTS_DIR; };
		4CB3A9E61AC6EB4A00BE16C6 /* Info.plist */ = {isa = PBXFileReference; lastKnownFileType = text.plist.xml; path = Info.plist; sourceTree = "<group>"; };
		4CB3A9E71AC6EB4A00BE16C6 /* KippleTests.swift */ = {isa = PBXFileReference; lastKnownFileType = sourcecode.swift; path = KippleTests.swift; sourceTree = "<group>"; };
		4CB3A9F11AC6EBEE00BE16C6 /* Diceware.swift */ = {isa = PBXFileReference; fileEncoding = 4; lastKnownFileType = sourcecode.swift; path = Diceware.swift; sourceTree = "<group>"; };
		4CB3A9F21AC6EBEE00BE16C6 /* diceware.wordlist.asc */ = {isa = PBXFileReference; fileEncoding = 4; lastKnownFileType = text; path = diceware.wordlist.asc; sourceTree = "<group>"; };
		4CD56B011AC9B64C00ED2B96 /* Kipple.entitlements */ = {isa = PBXFileReference; lastKnownFileType = text.xml; path = Kipple.entitlements; sourceTree = "<group>"; };
		4CE1D8A51AC837F100FB45CF /* eye.png */ = {isa = PBXFileReference; lastKnownFileType = image.png; name = eye.png; path = ../eye.png; sourceTree = "<group>"; };
/* End PBXFileReference section */

/* Begin PBXFrameworksBuildPhase section */
		4CB3A9CE1AC6EB4A00BE16C6 /* Frameworks */ = {
			isa = PBXFrameworksBuildPhase;
			buildActionMask = 2147483647;
			files = (
			);
			runOnlyForDeploymentPostprocessing = 0;
		};
		4CB3A9DE1AC6EB4A00BE16C6 /* Frameworks */ = {
			isa = PBXFrameworksBuildPhase;
			buildActionMask = 2147483647;
			files = (
			);
			runOnlyForDeploymentPostprocessing = 0;
		};
/* End PBXFrameworksBuildPhase section */

/* Begin PBXGroup section */
		4CB3A9C81AC6EB4A00BE16C6 = {
			isa = PBXGroup;
			children = (
				4CB3A9D31AC6EB4A00BE16C6 /* Kipple */,
				4CB3A9E41AC6EB4A00BE16C6 /* KippleTests */,
				4CB3A9D21AC6EB4A00BE16C6 /* Products */,
			);
			sourceTree = "<group>";
		};
		4CB3A9D21AC6EB4A00BE16C6 /* Products */ = {
			isa = PBXGroup;
			children = (
				4CB3A9D11AC6EB4A00BE16C6 /* Kipple.app */,
				4CB3A9E11AC6EB4A00BE16C6 /* KippleTests.xctest */,
			);
			name = Products;
			sourceTree = "<group>";
		};
		4CB3A9D31AC6EB4A00BE16C6 /* Kipple */ = {
			isa = PBXGroup;
			children = (
				4CD56B011AC9B64C00ED2B96 /* Kipple.entitlements */,
				4CB3A9D61AC6EB4A00BE16C6 /* AppDelegate.swift */,
				4CB3A9F11AC6EBEE00BE16C6 /* Diceware.swift */,
				4CB3A9F21AC6EBEE00BE16C6 /* diceware.wordlist.asc */,
				4CB3A9D81AC6EB4A00BE16C6 /* Images.xcassets */,
				4CB3A9DA1AC6EB4A00BE16C6 /* MainMenu.xib */,
				4CE1D8A51AC837F100FB45CF /* eye.png */,
				4C7CAD551AC9CBFC0009DDC5 /* icon_256x256.png */,
				4CB3A9D41AC6EB4A00BE16C6 /* Supporting Files */,
			);
			path = Kipple;
			sourceTree = "<group>";
		};
		4CB3A9D41AC6EB4A00BE16C6 /* Supporting Files */ = {
			isa = PBXGroup;
			children = (
				4CB3A9D51AC6EB4A00BE16C6 /* Info.plist */,
			);
			name = "Supporting Files";
			sourceTree = "<group>";
		};
		4CB3A9E41AC6EB4A00BE16C6 /* KippleTests */ = {
			isa = PBXGroup;
			children = (
				4CB3A9E71AC6EB4A00BE16C6 /* KippleTests.swift */,
				4CB3A9E51AC6EB4A00BE16C6 /* Supporting Files */,
			);
			path = KippleTests;
			sourceTree = "<group>";
		};
		4CB3A9E51AC6EB4A00BE16C6 /* Supporting Files */ = {
			isa = PBXGroup;
			children = (
				4CB3A9E61AC6EB4A00BE16C6 /* Info.plist */,
			);
			name = "Supporting Files";
			sourceTree = "<group>";
		};
/* End PBXGroup section */

/* Begin PBXNativeTarget section */
		4CB3A9D01AC6EB4A00BE16C6 /* Kipple */ = {
			isa = PBXNativeTarget;
			buildConfigurationList = 4CB3A9EB1AC6EB4A00BE16C6 /* Build configuration list for PBXNativeTarget "Kipple" */;
			buildPhases = (
				4CB3A9CD1AC6EB4A00BE16C6 /* Sources */,
				4CB3A9CE1AC6EB4A00BE16C6 /* Frameworks */,
				4CB3A9CF1AC6EB4A00BE16C6 /* Resources */,
			);
			buildRules = (
			);
			dependencies = (
			);
			name = Kipple;
			productName = Kipple;
			productReference = 4CB3A9D11AC6EB4A00BE16C6 /* Kipple.app */;
			productType = "com.apple.product-type.application";
		};
		4CB3A9E01AC6EB4A00BE16C6 /* KippleTests */ = {
			isa = PBXNativeTarget;
			buildConfigurationList = 4CB3A9EE1AC6EB4A00BE16C6 /* Build configuration list for PBXNativeTarget "KippleTests" */;
			buildPhases = (
				4CB3A9DD1AC6EB4A00BE16C6 /* Sources */,
				4CB3A9DE1AC6EB4A00BE16C6 /* Frameworks */,
				4CB3A9DF1AC6EB4A00BE16C6 /* Resources */,
			);
			buildRules = (
			);
			dependencies = (
				4CB3A9E31AC6EB4A00BE16C6 /* PBXTargetDependency */,
			);
			name = KippleTests;
			productName = KippleTests;
			productReference = 4CB3A9E11AC6EB4A00BE16C6 /* KippleTests.xctest */;
			productType = "com.apple.product-type.bundle.unit-test";
		};
/* End PBXNativeTarget section */

/* Begin PBXProject section */
		4CB3A9C91AC6EB4A00BE16C6 /* Project object */ = {
			isa = PBXProject;
			attributes = {
				LastUpgradeCheck = 0620;
				ORGANIZATIONNAME = "Michael Nielsen";
				TargetAttributes = {
					4CB3A9D01AC6EB4A00BE16C6 = {
						CreatedOnToolsVersion = 6.2;
						DevelopmentTeam = E592MJJRAU;
						SystemCapabilities = {
							com.apple.Sandbox = {
								enabled = 1;
							};
						};
					};
					4CB3A9E01AC6EB4A00BE16C6 = {
						CreatedOnToolsVersion = 6.2;
						TestTargetID = 4CB3A9D01AC6EB4A00BE16C6;
					};
				};
			};
			buildConfigurationList = 4CB3A9CC1AC6EB4A00BE16C6 /* Build configuration list for PBXProject "Kipple" */;
			compatibilityVersion = "Xcode 3.2";
			developmentRegion = English;
			hasScannedForEncodings = 0;
			knownRegions = (
				en,
				Base,
			);
			mainGroup = 4CB3A9C81AC6EB4A00BE16C6;
			productRefGroup = 4CB3A9D21AC6EB4A00BE16C6 /* Products */;
			projectDirPath = "";
			projectRoot = "";
			targets = (
				4CB3A9D01AC6EB4A00BE16C6 /* Kipple */,
				4CB3A9E01AC6EB4A00BE16C6 /* KippleTests */,
			);
		};
/* End PBXProject section */

/* Begin PBXResourcesBuildPhase section */
		4CB3A9CF1AC6EB4A00BE16C6 /* Resources */ = {
			isa = PBXResourcesBuildPhase;
			buildActionMask = 2147483647;
			files = (
				4CB3A9D91AC6EB4A00BE16C6 /* Images.xcassets in Resources */,
				4CE1D8A61AC837F100FB45CF /* eye.png in Resources */,
				4CB3A9DC1AC6EB4A00BE16C6 /* MainMenu.xib in Resources */,
				4CB3A9F41AC6EBEE00BE16C6 /* diceware.wordlist.asc in Resources */,
				4C7CAD561AC9CBFC0009DDC5 /* icon_256x256.png in Resources */,
			);
			runOnlyForDeploymentPostprocessing = 0;
		};
		4CB3A9DF1AC6EB4A00BE16C6 /* Resources */ = {
			isa = PBXResourcesBuildPhase;
			buildActionMask = 2147483647;
			files = (
			);
			runOnlyForDeploymentPostprocessing = 0;
		};
/* End PBXResourcesBuildPhase section */

/* Begin PBXSourcesBuildPhase section */
		4CB3A9CD1AC6EB4A00BE16C6 /* Sources */ = {
			isa = PBXSourcesBuildPhase;
			buildActionMask = 2147483647;
			files = (
				4CB3A9D71AC6EB4A00BE16C6 /* AppDelegate.swift in Sources */,
				4CB3A9F31AC6EBEE00BE16C6 /* Diceware.swift in Sources */,
			);
			runOnlyForDeploymentPostprocessing = 0;
		};
		4CB3A9DD1AC6EB4A00BE16C6 /* Sources */ = {
			isa = PBXSourcesBuildPhase;
			buildActionMask = 2147483647;
			files = (
				4CB3A9E81AC6EB4A00BE16C6 /* KippleTests.swift in Sources */,
			);
			runOnlyForDeploymentPostprocessing = 0;
		};
/* End PBXSourcesBuildPhase section */

/* Begin PBXTargetDependency section */
		4CB3A9E31AC6EB4A00BE16C6 /* PBXTargetDependency */ = {
			isa = PBXTargetDependency;
			target = 4CB3A9D01AC6EB4A00BE16C6 /* Kipple */;
			targetProxy = 4CB3A9E21AC6EB4A00BE16C6 /* PBXContainerItemProxy */;
		};
/* End PBXTargetDependency section */

/* Begin PBXVariantGroup section */
		4CB3A9DA1AC6EB4A00BE16C6 /* MainMenu.xib */ = {
			isa = PBXVariantGroup;
			children = (
				4CB3A9DB1AC6EB4A00BE16C6 /* Base */,
			);
			name = MainMenu.xib;
			sourceTree = "<group>";
		};
/* End PBXVariantGroup section */

/* Begin XCBuildConfiguration section */
		4CB3A9E91AC6EB4A00BE16C6 /* Debug */ = {
			isa = XCBuildConfiguration;
			buildSettings = {
				ALWAYS_SEARCH_USER_PATHS = NO;
				CLANG_CXX_LANGUAGE_STANDARD = "gnu++0x";
				CLANG_CXX_LIBRARY = "libc++";
				CLANG_ENABLE_MODULES = YES;
				CLANG_ENABLE_OBJC_ARC = YES;
				CLANG_WARN_BOOL_CONVERSION = YES;
				CLANG_WARN_CONSTANT_CONVERSION = YES;
				CLANG_WARN_DIRECT_OBJC_ISA_USAGE = YES_ERROR;
				CLANG_WARN_EMPTY_BODY = YES;
				CLANG_WARN_ENUM_CONVERSION = YES;
				CLANG_WARN_INT_CONVERSION = YES;
				CLANG_WARN_OBJC_ROOT_CLASS = YES_ERROR;
				CLANG_WARN_UNREACHABLE_CODE = YES;
				CLANG_WARN__DUPLICATE_METHOD_MATCH = YES;
				CODE_SIGN_IDENTITY = "-";
				COPY_PHASE_STRIP = NO;
				ENABLE_STRICT_OBJC_MSGSEND = YES;
				GCC_C_LANGUAGE_STANDARD = gnu99;
				GCC_DYNAMIC_NO_PIC = NO;
				GCC_OPTIMIZATION_LEVEL = 0;
				GCC_PREPROCESSOR_DEFINITIONS = (
					"DEBUG=1",
					"$(inherited)",
				);
				GCC_SYMBOLS_PRIVATE_EXTERN = NO;
				GCC_WARN_64_TO_32_BIT_CONVERSION = YES;
				GCC_WARN_ABOUT_RETURN_TYPE = YES_ERROR;
				GCC_WARN_UNDECLARED_SELECTOR = YES;
				GCC_WARN_UNINITIALIZED_AUTOS = YES_AGGRESSIVE;
				GCC_WARN_UNUSED_FUNCTION = YES;
				GCC_WARN_UNUSED_VARIABLE = YES;
				MACOSX_DEPLOYMENT_TARGET = 10.10;
				MTL_ENABLE_DEBUG_INFO = YES;
				ONLY_ACTIVE_ARCH = YES;
				SDKROOT = macosx;
				SWIFT_OPTIMIZATION_LEVEL = "-Onone";
			};
			name = Debug;
		};
		4CB3A9EA1AC6EB4A00BE16C6 /* Release */ = {
			isa = XCBuildConfiguration;
			buildSettings = {
				ALWAYS_SEARCH_USER_PATHS = NO;
				CLANG_CXX_LANGUAGE_STANDARD = "gnu++0x";
				CLANG_CXX_LIBRARY = "libc++";
				CLANG_ENABLE_MODULES = YES;
				CLANG_ENABLE_OBJC_ARC = YES;
				CLANG_WARN_BOOL_CONVERSION = YES;
				CLANG_WARN_CONSTANT_CONVERSION = YES;
				CLANG_WARN_DIRECT_OBJC_ISA_USAGE = YES_ERROR;
				CLANG_WARN_EMPTY_BODY = YES;
				CLANG_WARN_ENUM_CONVERSION = YES;
				CLANG_WARN_INT_CONVERSION = YES;
				CLANG_WARN_OBJC_ROOT_CLASS = YES_ERROR;
				CLANG_WARN_UNREACHABLE_CODE = YES;
				CLANG_WARN__DUPLICATE_METHOD_MATCH = YES;
				CODE_SIGN_IDENTITY = "-";
				COPY_PHASE_STRIP = NO;
				DEBUG_INFORMATION_FORMAT = "dwarf-with-dsym";
				ENABLE_NS_ASSERTIONS = NO;
				ENABLE_STRICT_OBJC_MSGSEND = YES;
				GCC_C_LANGUAGE_STANDARD = gnu99;
				GCC_WARN_64_TO_32_BIT_CONVERSION = YES;
				GCC_WARN_ABOUT_RETURN_TYPE = YES_ERROR;
				GCC_WARN_UNDECLARED_SELECTOR = YES;
				GCC_WARN_UNINITIALIZED_AUTOS = YES_AGGRESSIVE;
				GCC_WARN_UNUSED_FUNCTION = YES;
				GCC_WARN_UNUSED_VARIABLE = YES;
				MACOSX_DEPLOYMENT_TARGET = 10.10;
				MTL_ENABLE_DEBUG_INFO = NO;
				SDKROOT = macosx;
			};
			name = Release;
		};
		4CB3A9EC1AC6EB4A00BE16C6 /* Debug */ = {
			isa = XCBuildConfiguration;
			buildSettings = {
				ASSETCATALOG_COMPILER_APPICON_NAME = AppIcon;
				CODE_SIGN_ENTITLEMENTS = Kipple/Kipple.entitlements;
				CODE_SIGN_IDENTITY = "Mac Developer";
				COMBINE_HIDPI_IMAGES = YES;
				INFOPLIST_FILE = Kipple/Info.plist;
				LD_RUNPATH_SEARCH_PATHS = "$(inherited) @executable_path/../Frameworks";
				MACOSX_DEPLOYMENT_TARGET = 10.10;
				PRODUCT_NAME = "$(TARGET_NAME)";
			};
			name = Debug;
		};
		4CB3A9ED1AC6EB4A00BE16C6 /* Release */ = {
			isa = XCBuildConfiguration;
			buildSettings = {
				ASSETCATALOG_COMPILER_APPICON_NAME = AppIcon;
				CODE_SIGN_ENTITLEMENTS = Kipple/Kipple.entitlements;
				CODE_SIGN_IDENTITY = "Mac Developer";
				COMBINE_HIDPI_IMAGES = YES;
				INFOPLIST_FILE = Kipple/Info.plist;
				LD_RUNPATH_SEARCH_PATHS = "$(inherited) @executable_path/../Frameworks";
				MACOSX_DEPLOYMENT_TARGET = 10.10;
				PRODUCT_NAME = "$(TARGET_NAME)";
			};
			name = Release;
		};
		4CB3A9EF1AC6EB4A00BE16C6 /* Debug */ = {
			isa = XCBuildConfiguration;
			buildSettings = {
				BUNDLE_LOADER = "$(TEST_HOST)";
				COMBINE_HIDPI_IMAGES = YES;
				FRAMEWORK_SEARCH_PATHS = (
					"$(DEVELOPER_FRAMEWORKS_DIR)",
					"$(inherited)",
				);
				GCC_PREPROCESSOR_DEFINITIONS = (
					"DEBUG=1",
					"$(inherited)",
				);
				INFOPLIST_FILE = KippleTests/Info.plist;
				LD_RUNPATH_SEARCH_PATHS = "$(inherited) @executable_path/../Frameworks @loader_path/../Frameworks";
				PRODUCT_NAME = "$(TARGET_NAME)";
				TEST_HOST = "$(BUILT_PRODUCTS_DIR)/Kipple.app/Contents/MacOS/Kipple";
			};
			name = Debug;
		};
		4CB3A9F01AC6EB4A00BE16C6 /* Release */ = {
			isa = XCBuildConfiguration;
			buildSettings = {
				BUNDLE_LOADER = "$(TEST_HOST)";
				COMBINE_HIDPI_IMAGES = YES;
				FRAMEWORK_SEARCH_PATHS = (
					"$(DEVELOPER_FRAMEWORKS_DIR)",
					"$(inherited)",
				);
				INFOPLIST_FILE = KippleTests/Info.plist;
				LD_RUNPATH_SEARCH_PATHS = "$(inherited) @executable_path/../Frameworks @loader_path/../Frameworks";
				PRODUCT_NAME = "$(TARGET_NAME)";
				TEST_HOST = "$(BUILT_PRODUCTS_DIR)/Kipple.app/Contents/MacOS/Kipple";
			};
			name = Release;
		};
/* End XCBuildConfiguration section */

/* Begin XCConfigurationList section */
		4CB3A9CC1AC6EB4A00BE16C6 /* Build configuration list for PBXProject "Kipple" */ = {
			isa = XCConfigurationList;
			buildConfigurations = (
				4CB3A9E91AC6EB4A00BE16C6 /* Debug */,
				4CB3A9EA1AC6EB4A00BE16C6 /* Release */,
			);
			defaultConfigurationIsVisible = 0;
			defaultConfigurationName = Release;
		};
		4CB3A9EB1AC6EB4A00BE16C6 /* Build configuration list for PBXNativeTarget "Kipple" */ = {
			isa = XCConfigurationList;
			buildConfigurations = (
				4CB3A9EC1AC6EB4A00BE16C6 /* Debug */,
				4CB3A9ED1AC6EB4A00BE16C6 /* Release */,
			);
			defaultConfigurationIsVisible = 0;
			defaultConfigurationName = Release;
		};
		4CB3A9EE1AC6EB4A00BE16C6 /* Build configuration list for PBXNativeTarget "KippleTests" */ = {
			isa = XCConfigurationList;
			buildConfigurations = (
				4CB3A9EF1AC6EB4A00BE16C6 /* Debug */,
				4CB3A9F01AC6EB4A00BE16C6 /* Release */,
			);
			defaultConfigurationIsVisible = 0;
			defaultConfigurationName = Release;
		};
/* End XCConfigurationList section */
	};
	rootObject = 4CB3A9C91AC6EB4A00BE16C6 /* Project object */;
}
